
Microsoft Visual Studio Solution File, Format Version 12.00
# Visual Studio 15
VisualStudioVersion = 15.0.26730.10
MinimumVisualStudioVersion = 10.0.40219.1
Project("{FAE04EC0-301F-11D3-BF4B-00C04F79EFBC}") = "Units", "Units\Units.csproj", "{D031D251-7F16-44AA-981B-0D5AFE932F53}"
EndProject
Global
	GlobalSection(SolutionConfigurationPlatforms) = preSolution
		Debug|Any CPU = Debug|Any CPU
		Release|Any CPU = Release|Any CPU
	EndGlobalSection
	GlobalSection(ProjectConfigurationPlatforms) = postSolution
		{D031D251-7F16-44AA-981B-0D5AFE932F53}.Debug|Any CPU.ActiveCfg = Debug|Any CPU
		{D031D251-7F16-44AA-981B-0D5AFE932F53}.Debug|Any CPU.Build.0 = Debug|Any CPU
		{D031D251-7F16-44AA-981B-0D5AFE932F53}.Release|Any CPU.ActiveCfg = Release|Any CPU
		{D031D251-7F16-44AA-981B-0D5AFE932F53}.Release|Any CPU.Build.0 = Release|Any CPU
	EndGlobalSection
	GlobalSection(SolutionProperties) = preSolution
		HideSolutionNode = FALSE
	EndGlobalSection
	GlobalSection(ExtensibilityGlobals) = postSolution
		SolutionGuid = {96377D75-3296-4207-81B8-5AC25D4E47FE}
	EndGlobalSection
EndGlobal
